
Microsoft Visual Studio Solution File, Format Version 12.00
# Visual Studio Version 17
VisualStudioVersion = 17.9.34728.123
MinimumVisualStudioVersion = 10.0.40219.1
Project("{9A19103F-16F7-4668-BE54-9A1E7A4F7556}") = "SabiMarket.API", "SabiMarket.API.csproj", "{FBB6A0B0-46FB-4D14-A9E6-E4A11B710AC5}"
EndProject
Project("{FAE04EC0-301F-11D3-BF4B-00C04F79EFBC}") = "SabiMarket.Application", "..\SabiMarket.Application\SabiMarket.Application.csproj", "{BD9B0E9A-1624-43BE-9092-89C30AC25BBE}"
EndProject
Project("{FAE04EC0-301F-11D3-BF4B-00C04F79EFBC}") = "SabiMarket.Infrastructure", "..\SabiMarket.Infrastructure\SabiMarket.Infrastructure.csproj", "{4366858F-EA00-452A-AF9D-C8B7CDE8B9FE}"
EndProject
Project("{FAE04EC0-301F-11D3-BF4B-00C04F79EFBC}") = "SabiMarket.Domain", "..\SabiMarket.Domain\SabiMarket.Domain.csproj", "{D79D220B-AAFD-4D53-920D-C872FEB28E10}"
EndProject
Global
	GlobalSection(SolutionConfigurationPlatforms) = preSolution
		Debug|Any CPU = Debug|Any CPU
		Release|Any CPU = Release|Any CPU
	EndGlobalSection
	GlobalSection(ProjectConfigurationPlatforms) = postSolution
		{FBB6A0B0-46FB-4D14-A9E6-E4A11B710AC5}.Debug|Any CPU.ActiveCfg = Debug|Any CPU
		{FBB6A0B0-46FB-4D14-A9E6-E4A11B710AC5}.Debug|Any CPU.Build.0 = Debug|Any CPU
		{FBB6A0B0-46FB-4D14-A9E6-E4A11B710AC5}.Release|Any CPU.ActiveCfg = Release|Any CPU
		{FBB6A0B0-46FB-4D14-A9E6-E4A11B710AC5}.Release|Any CPU.Build.0 = Release|Any CPU
		{BD9B0E9A-1624-43BE-9092-89C30AC25BBE}.Debug|Any CPU.ActiveCfg = Debug|Any CPU
		{BD9B0E9A-1624-43BE-9092-89C30AC25BBE}.Debug|Any CPU.Build.0 = Debug|Any CPU
		{BD9B0E9A-1624-43BE-9092-89C30AC25BBE}.Release|Any CPU.ActiveCfg = Release|Any CPU
		{BD9B0E9A-1624-43BE-9092-89C30AC25BBE}.Release|Any CPU.Build.0 = Release|Any CPU
		{4366858F-EA00-452A-AF9D-C8B7CDE8B9FE}.Debug|Any CPU.ActiveCfg = Debug|Any CPU
		{4366858F-EA00-452A-AF9D-C8B7CDE8B9FE}.Debug|Any CPU.Build.0 = Debug|Any CPU
		{4366858F-EA00-452A-AF9D-C8B7CDE8B9FE}.Release|Any CPU.ActiveCfg = Release|Any CPU
		{4366858F-EA00-452A-AF9D-C8B7CDE8B9FE}.Release|Any CPU.Build.0 = Release|Any CPU
		{D79D220B-AAFD-4D53-920D-C872FEB28E10}.Debug|Any CPU.ActiveCfg = Debug|Any CPU
		{D79D220B-AAFD-4D53-920D-C872FEB28E10}.Debug|Any CPU.Build.0 = Debug|Any CPU
		{D79D220B-AAFD-4D53-920D-C872FEB28E10}.Release|Any CPU.ActiveCfg = Release|Any CPU
		{D79D220B-AAFD-4D53-920D-C872FEB28E10}.Release|Any CPU.Build.0 = Release|Any CPU
	EndGlobalSection
	GlobalSection(SolutionProperties) = preSolution
		HideSolutionNode = FALSE
	EndGlobalSection
	GlobalSection(ExtensibilityGlobals) = postSolution
		SolutionGuid = {A3B2B384-D3A5-49CF-AA65-1CFB3C0DA996}
	EndGlobalSection
EndGlobal
